
Microsoft Visual Studio Solution File, Format Version 12.00
# Visual Studio Version 17
VisualStudioVersion = 17.0.31903.59
MinimumVisualStudioVersion = 10.0.40219.1
Project("{FAE04EC0-301F-11D3-BF4B-00C04F79EFBC}") = "habitus.api", "habitus.api\habitus.api.csproj", "{87B136BF-8F9D-4136-A194-AB6FFE85D430}"
EndProject
Project("{FAE04EC0-301F-11D3-BF4B-00C04F79EFBC}") = "habitus.tests", "habitus.tests\habitus.tests.csproj", "{FCC39A4E-EEA1-483A-A9DA-1FF7A1450A29}"
EndProject
Global
	GlobalSection(SolutionConfigurationPlatforms) = preSolution
		Debug|Any CPU = Debug|Any CPU
		Release|Any CPU = Release|Any CPU
	EndGlobalSection
	GlobalSection(SolutionProperties) = preSolution
		HideSolutionNode = FALSE
	EndGlobalSection
	GlobalSection(ProjectConfigurationPlatforms) = postSolution
		{87B136BF-8F9D-4136-A194-AB6FFE85D430}.Debug|Any CPU.ActiveCfg = Debug|Any CPU
		{87B136BF-8F9D-4136-A194-AB6FFE85D430}.Debug|Any CPU.Build.0 = Debug|Any CPU
		{87B136BF-8F9D-4136-A194-AB6FFE85D430}.Release|Any CPU.ActiveCfg = Release|Any CPU
		{87B136BF-8F9D-4136-A194-AB6FFE85D430}.Release|Any CPU.Build.0 = Release|Any CPU
		{FCC39A4E-EEA1-483A-A9DA-1FF7A1450A29}.Debug|Any CPU.ActiveCfg = Debug|Any CPU
		{FCC39A4E-EEA1-483A-A9DA-1FF7A1450A29}.Debug|Any CPU.Build.0 = Debug|Any CPU
		{FCC39A4E-EEA1-483A-A9DA-1FF7A1450A29}.Release|Any CPU.ActiveCfg = Release|Any CPU
		{FCC39A4E-EEA1-483A-A9DA-1FF7A1450A29}.Release|Any CPU.Build.0 = Release|Any CPU
	EndGlobalSection
EndGlobal
